{
    "_readme": [
        "This file locks the dependencies of your project to a known state",
        "Read more about it at https://getcomposer.org/doc/01-basic-usage.md#installing-dependencies",
        "This file is @generated automatically"
    ],
    "content-hash": "8693116f3ab92df232115f79409a038b",
    "packages": [
        {
            "name": "benlumia007/backdrop",
            "version": "v3.0.0.x-dev",
            "source": {
                "type": "git",
                "url": "https://github.com/benlumia007/backdrop.git",
                "reference": "044fac3fb8cf4f3d6a974b58617b10f941f3e86c"
            },
            "dist": {
                "type": "zip",
                "url": "https://api.github.com/repos/benlumia007/backdrop/zipball/044fac3fb8cf4f3d6a974b58617b10f941f3e86c",
                "reference": "044fac3fb8cf4f3d6a974b58617b10f941f3e86c",
                "shasum": ""
            },
            "require": {
                "php": ">=7.3.24"
            },
            "type": "library",
            "autoload": {
                "psr-4": {
                    "Benlumia007\\Backdrop\\": "src/"
                },
                "files": [
                    "src/functions-helpers.php"
                ]
            },
            "notification-url": "https://packagist.org/downloads/",
            "license": [
                "GPL-2.0-or-later"
            ],
            "authors": [
                {
                    "name": "Benjamin Lu",
                    "email": "benlumia007@gmail.com",
                    "homepage": "https://benjlu.com",
                    "role": "Developer"
                }
            ],
            "description": "A core that helps you build amazing themes",
            "homepage": "https://github.com/benlumia007/backdrop",
            "keywords": [
                "wordpress"
            ],
            "support": {
                "issues": "https://github.com/benlumia007/backdrop/issues",
                "source": "https://github.com/benlumia007/backdrop/tree/v3.0.0"
            },
            "time": "2021-11-03T04:22:45+00:00"
        },
        {
            "name": "benlumia007/backdrop-template-helpers",
            "version": "v1.0.0.x-dev",
            "source": {
                "type": "git",
                "url": "https://github.com/benlumia007/backdrop-template-helpers.git",
                "reference": "2bad9121e970f3c57721e4e456fd17b8cfc0f618"
            },
            "dist": {
                "type": "zip",
                "url": "https://api.github.com/repos/benlumia007/backdrop-template-helpers/zipball/2bad9121e970f3c57721e4e456fd17b8cfc0f618",
                "reference": "2bad9121e970f3c57721e4e456fd17b8cfc0f618",
                "shasum": ""
            },
            "require": {
                "benlumia007/backdrop": "v3.0.0.x-dev",
                "php": ">=7.3.24"
            },
            "default-branch": true,
            "type": "library",
            "autoload": {
                "psr-4": {
                    "Benlumia007\\Backdrop\\Template\\": "src/"
                },
                "files": [
                    "src/functions-helpers.php"
                ]
            },
            "notification-url": "https://packagist.org/downloads/",
            "license": [
                "GPL-2.0-or-later"
            ],
            "authors": [
                {
                    "name": "Benjamin Lu",
                    "email": "benlumia007@gmail.com",
                    "homepage": "https://benjlu.com",
                    "role": "Developer"
                }
            ],
            "description": "A core that helps you build amazing themes",
            "homepage": "https://github.com/benlumia007/backdrop-template-helpers",
            "keywords": [
                "wordpress"
            ],
            "support": {
                "issues": "https://github.com/benlumia007/backdrop-template-helpers/issues",
                "source": "https://github.com/benlumia007/backdrop-template-helpers/tree/v1.0.0"
            },
            "time": "2021-10-01T05:11:29+00:00"
        }
    ],
    "packages-dev": [],
    "aliases": [],
    "minimum-stability": "stable",
    "stability-flags": {
        "benlumia007/backdrop": 20,
        "benlumia007/backdrop-template-helpers": 20
    },
    "prefer-stable": false,
    "prefer-lowest": false,
    "platform": {
        "php": ">=7.3.24"
    },
    "platform-dev": [],
    "plugin-api-version": "2.0.0"
}
